
Microsoft Visual Studio Solution File, Format Version 12.00
# Visual Studio Version 16
VisualStudioVersion = 16.0.29123.88
MinimumVisualStudioVersion = 10.0.40219.1
Project("{FAE04EC0-301F-11D3-BF4B-00C04F79EFBC}") = "HackATL_EEVM_backend", "HackATL_EEVM_backend.csproj", "{10CE833B-7D03-474D-B46F-91A576407997}"
EndProject
Global
	GlobalSection(SolutionConfigurationPlatforms) = preSolution
		Debug|Any CPU = Debug|Any CPU
		Release|Any CPU = Release|Any CPU
	EndGlobalSection
	GlobalSection(ProjectConfigurationPlatforms) = postSolution
		{10CE833B-7D03-474D-B46F-91A576407997}.Debug|Any CPU.ActiveCfg = Debug|Any CPU
		{10CE833B-7D03-474D-B46F-91A576407997}.Debug|Any CPU.Build.0 = Debug|Any CPU
		{10CE833B-7D03-474D-B46F-91A576407997}.Release|Any CPU.ActiveCfg = Release|Any CPU
		{10CE833B-7D03-474D-B46F-91A576407997}.Release|Any CPU.Build.0 = Release|Any CPU
	EndGlobalSection
	GlobalSection(SolutionProperties) = preSolution
		HideSolutionNode = FALSE
	EndGlobalSection
	GlobalSection(ExtensibilityGlobals) = postSolution
		SolutionGuid = {49955622-2FE9-453E-AF0D-CDAD542FF02F}
	EndGlobalSection
EndGlobal
